
Microsoft Visual Studio Solution File, Format Version 12.00
# Visual Studio 15
VisualStudioVersion = 15.0.27428.2027
MinimumVisualStudioVersion = 10.0.40219.1
Project("{FAE04EC0-301F-11D3-BF4B-00C04F79EFBC}") = "FarmerTester", "FarmerTester\FarmerTester.csproj", "{43A90682-8E41-4B8E-9CD8-B3AAC7450BBB}"
EndProject
Global
	GlobalSection(SolutionConfigurationPlatforms) = preSolution
		Debug|Any CPU = Debug|Any CPU
		Release|Any CPU = Release|Any CPU
	EndGlobalSection
	GlobalSection(ProjectConfigurationPlatforms) = postSolution
		{43A90682-8E41-4B8E-9CD8-B3AAC7450BBB}.Debug|Any CPU.ActiveCfg = Debug|Any CPU
		{43A90682-8E41-4B8E-9CD8-B3AAC7450BBB}.Debug|Any CPU.Build.0 = Debug|Any CPU
		{43A90682-8E41-4B8E-9CD8-B3AAC7450BBB}.Release|Any CPU.ActiveCfg = Release|Any CPU
		{43A90682-8E41-4B8E-9CD8-B3AAC7450BBB}.Release|Any CPU.Build.0 = Release|Any CPU
	EndGlobalSection
	GlobalSection(SolutionProperties) = preSolution
		HideSolutionNode = FALSE
	EndGlobalSection
	GlobalSection(ExtensibilityGlobals) = postSolution
		SolutionGuid = {A7941052-01CF-4615-849A-E4FC34FD90CB}
	EndGlobalSection
EndGlobal
